
Microsoft Visual Studio Solution File, Format Version 12.00
# Visual Studio Version 17
VisualStudioVersion = 17.0.31903.59
MinimumVisualStudioVersion = 10.0.40219.1
Project("{FAE04EC0-301F-11D3-BF4B-00C04F79EFBC}") = "Woong.MonitorStack.Domain", "src\Woong.MonitorStack.Domain\Woong.MonitorStack.Domain.csproj", "{15BE6AC5-4E14-450E-A9EC-117942315FD5}"
EndProject
Project("{FAE04EC0-301F-11D3-BF4B-00C04F79EFBC}") = "Woong.MonitorStack.Domain.Tests", "tests\Woong.MonitorStack.Domain.Tests\Woong.MonitorStack.Domain.Tests.csproj", "{6438B6E6-CA49-4738-BF63-228508ACA2A2}"
EndProject
Project("{FAE04EC0-301F-11D3-BF4B-00C04F79EFBC}") = "Woong.MonitorStack.Windows", "src\Woong.MonitorStack.Windows\Woong.MonitorStack.Windows.csproj", "{DFC05376-FCB6-453B-8D57-F3BC62C16065}"
EndProject
Project("{FAE04EC0-301F-11D3-BF4B-00C04F79EFBC}") = "Woong.MonitorStack.Windows.Tests", "tests\Woong.MonitorStack.Windows.Tests\Woong.MonitorStack.Windows.Tests.csproj", "{B7D0548D-508B-4E68-B1E4-CEE4A19560B8}"
EndProject
Project("{FAE04EC0-301F-11D3-BF4B-00C04F79EFBC}") = "Woong.MonitorStack.Windows.Smoke", "tools\Woong.MonitorStack.Windows.Smoke\Woong.MonitorStack.Windows.Smoke.csproj", "{ED718894-6923-4DAF-9122-D9D83AA51C94}"
EndProject
Project("{FAE04EC0-301F-11D3-BF4B-00C04F79EFBC}") = "Woong.MonitorStack.Windows.Presentation", "src\Woong.MonitorStack.Windows.Presentation\Woong.MonitorStack.Windows.Presentation.csproj", "{37ED5846-1FEE-4D81-840A-EF6954B3CEE4}"
EndProject
Project("{FAE04EC0-301F-11D3-BF4B-00C04F79EFBC}") = "Woong.MonitorStack.Windows.Presentation.Tests", "tests\Woong.MonitorStack.Windows.Presentation.Tests\Woong.MonitorStack.Windows.Presentation.Tests.csproj", "{C95F68D2-8D24-48FB-B040-B8DC0A4645BD}"
EndProject
Project("{FAE04EC0-301F-11D3-BF4B-00C04F79EFBC}") = "Woong.MonitorStack.Windows.App", "src\Woong.MonitorStack.Windows.App\Woong.MonitorStack.Windows.App.csproj", "{7622473F-91A6-4304-AE5C-82B6DBF43318}"
EndProject
Project("{2150E333-8FDC-42A3-9474-1A3956D46DE8}") = "tests", "tests", "{0AB3BF05-4346-4AA6-1389-037BE0695223}"
EndProject
Project("{FAE04EC0-301F-11D3-BF4B-00C04F79EFBC}") = "Woong.MonitorStack.Windows.App.Tests", "tests\Woong.MonitorStack.Windows.App.Tests\Woong.MonitorStack.Windows.App.Tests.csproj", "{72866305-9DBF-47DE-AB61-9DB1DB741C68}"
EndProject
Project("{2150E333-8FDC-42A3-9474-1A3956D46DE8}") = "src", "src", "{827E0CD3-B72D-47B6-A68D-7590B98EB39B}"
EndProject
Project("{FAE04EC0-301F-11D3-BF4B-00C04F79EFBC}") = "Woong.MonitorStack.Server", "src\Woong.MonitorStack.Server\Woong.MonitorStack.Server.csproj", "{8D1E02E3-6937-453B-A81E-3985BE16B9BD}"
EndProject
Project("{FAE04EC0-301F-11D3-BF4B-00C04F79EFBC}") = "Woong.MonitorStack.Server.Tests", "tests\Woong.MonitorStack.Server.Tests\Woong.MonitorStack.Server.Tests.csproj", "{1F092BC5-C7E0-4D36-92C5-14FCA61B2CC8}"
EndProject
Global
	GlobalSection(SolutionConfigurationPlatforms) = preSolution
		Debug|Any CPU = Debug|Any CPU
		Debug|x64 = Debug|x64
		Debug|x86 = Debug|x86
		Release|Any CPU = Release|Any CPU
		Release|x64 = Release|x64
		Release|x86 = Release|x86
	EndGlobalSection
	GlobalSection(ProjectConfigurationPlatforms) = postSolution
		{15BE6AC5-4E14-450E-A9EC-117942315FD5}.Debug|Any CPU.ActiveCfg = Debug|Any CPU
		{15BE6AC5-4E14-450E-A9EC-117942315FD5}.Debug|Any CPU.Build.0 = Debug|Any CPU
		{15BE6AC5-4E14-450E-A9EC-117942315FD5}.Debug|x64.ActiveCfg = Debug|Any CPU
		{15BE6AC5-4E14-450E-A9EC-117942315FD5}.Debug|x64.Build.0 = Debug|Any CPU
		{15BE6AC5-4E14-450E-A9EC-117942315FD5}.Debug|x86.ActiveCfg = Debug|Any CPU
		{15BE6AC5-4E14-450E-A9EC-117942315FD5}.Debug|x86.Build.0 = Debug|Any CPU
		{15BE6AC5-4E14-450E-A9EC-117942315FD5}.Release|Any CPU.ActiveCfg = Release|Any CPU
		{15BE6AC5-4E14-450E-A9EC-117942315FD5}.Release|Any CPU.Build.0 = Release|Any CPU
		{15BE6AC5-4E14-450E-A9EC-117942315FD5}.Release|x64.ActiveCfg = Release|Any CPU
		{15BE6AC5-4E14-450E-A9EC-117942315FD5}.Release|x64.Build.0 = Release|Any CPU
		{15BE6AC5-4E14-450E-A9EC-117942315FD5}.Release|x86.ActiveCfg = Release|Any CPU
		{15BE6AC5-4E14-450E-A9EC-117942315FD5}.Release|x86.Build.0 = Release|Any CPU
		{6438B6E6-CA49-4738-BF63-228508ACA2A2}.Debug|Any CPU.ActiveCfg = Debug|Any CPU
		{6438B6E6-CA49-4738-BF63-228508ACA2A2}.Debug|Any CPU.Build.0 = Debug|Any CPU
		{6438B6E6-CA49-4738-BF63-228508ACA2A2}.Debug|x64.ActiveCfg = Debug|Any CPU
		{6438B6E6-CA49-4738-BF63-228508ACA2A2}.Debug|x64.Build.0 = Debug|Any CPU
		{6438B6E6-CA49-4738-BF63-228508ACA2A2}.Debug|x86.ActiveCfg = Debug|Any CPU
		{6438B6E6-CA49-4738-BF63-228508ACA2A2}.Debug|x86.Build.0 = Debug|Any CPU
		{6438B6E6-CA49-4738-BF63-228508ACA2A2}.Release|Any CPU.ActiveCfg = Release|Any CPU
		{6438B6E6-CA49-4738-BF63-228508ACA2A2}.Release|Any CPU.Build.0 = Release|Any CPU
		{6438B6E6-CA49-4738-BF63-228508ACA2A2}.Release|x64.ActiveCfg = Release|Any CPU
		{6438B6E6-CA49-4738-BF63-228508ACA2A2}.Release|x64.Build.0 = Release|Any CPU
		{6438B6E6-CA49-4738-BF63-228508ACA2A2}.Release|x86.ActiveCfg = Release|Any CPU
		{6438B6E6-CA49-4738-BF63-228508ACA2A2}.Release|x86.Build.0 = Release|Any CPU
		{DFC05376-FCB6-453B-8D57-F3BC62C16065}.Debug|Any CPU.ActiveCfg = Debug|Any CPU
		{DFC05376-FCB6-453B-8D57-F3BC62C16065}.Debug|Any CPU.Build.0 = Debug|Any CPU
		{DFC05376-FCB6-453B-8D57-F3BC62C16065}.Debug|x64.ActiveCfg = Debug|Any CPU
		{DFC05376-FCB6-453B-8D57-F3BC62C16065}.Debug|x64.Build.0 = Debug|Any CPU
		{DFC05376-FCB6-453B-8D57-F3BC62C16065}.Debug|x86.ActiveCfg = Debug|Any CPU
		{DFC05376-FCB6-453B-8D57-F3BC62C16065}.Debug|x86.Build.0 = Debug|Any CPU
		{DFC05376-FCB6-453B-8D57-F3BC62C16065}.Release|Any CPU.ActiveCfg = Release|Any CPU
		{DFC05376-FCB6-453B-8D57-F3BC62C16065}.Release|Any CPU.Build.0 = Release|Any CPU
		{DFC05376-FCB6-453B-8D57-F3BC62C16065}.Release|x64.ActiveCfg = Release|Any CPU
		{DFC05376-FCB6-453B-8D57-F3BC62C16065}.Release|x64.Build.0 = Release|Any CPU
		{DFC05376-FCB6-453B-8D57-F3BC62C16065}.Release|x86.ActiveCfg = Release|Any CPU
		{DFC05376-FCB6-453B-8D57-F3BC62C16065}.Release|x86.Build.0 = Release|Any CPU
		{B7D0548D-508B-4E68-B1E4-CEE4A19560B8}.Debug|Any CPU.ActiveCfg = Debug|Any CPU
		{B7D0548D-508B-4E68-B1E4-CEE4A19560B8}.Debug|Any CPU.Build.0 = Debug|Any CPU
		{B7D0548D-508B-4E68-B1E4-CEE4A19560B8}.Debug|x64.ActiveCfg = Debug|Any CPU
		{B7D0548D-508B-4E68-B1E4-CEE4A19560B8}.Debug|x64.Build.0 = Debug|Any CPU
		{B7D0548D-508B-4E68-B1E4-CEE4A19560B8}.Debug|x86.ActiveCfg = Debug|Any CPU
		{B7D0548D-508B-4E68-B1E4-CEE4A19560B8}.Debug|x86.Build.0 = Debug|Any CPU
		{B7D0548D-508B-4E68-B1E4-CEE4A19560B8}.Release|Any CPU.ActiveCfg = Release|Any CPU
		{B7D0548D-508B-4E68-B1E4-CEE4A19560B8}.Release|Any CPU.Build.0 = Release|Any CPU
		{B7D0548D-508B-4E68-B1E4-CEE4A19560B8}.Release|x64.ActiveCfg = Release|Any CPU
		{B7D0548D-508B-4E68-B1E4-CEE4A19560B8}.Release|x64.Build.0 = Release|Any CPU
		{B7D0548D-508B-4E68-B1E4-CEE4A19560B8}.Release|x86.ActiveCfg = Release|Any CPU
		{B7D0548D-508B-4E68-B1E4-CEE4A19560B8}.Release|x86.Build.0 = Release|Any CPU
		{ED718894-6923-4DAF-9122-D9D83AA51C94}.Debug|Any CPU.ActiveCfg = Debug|Any CPU
		{ED718894-6923-4DAF-9122-D9D83AA51C94}.Debug|Any CPU.Build.0 = Debug|Any CPU
		{ED718894-6923-4DAF-9122-D9D83AA51C94}.Debug|x64.ActiveCfg = Debug|Any CPU
		{ED718894-6923-4DAF-9122-D9D83AA51C94}.Debug|x64.Build.0 = Debug|Any CPU
		{ED718894-6923-4DAF-9122-D9D83AA51C94}.Debug|x86.ActiveCfg = Debug|Any CPU
		{ED718894-6923-4DAF-9122-D9D83AA51C94}.Debug|x86.Build.0 = Debug|Any CPU
		{ED718894-6923-4DAF-9122-D9D83AA51C94}.Release|Any CPU.ActiveCfg = Release|Any CPU
		{ED718894-6923-4DAF-9122-D9D83AA51C94}.Release|Any CPU.Build.0 = Release|Any CPU
		{ED718894-6923-4DAF-9122-D9D83AA51C94}.Release|x64.ActiveCfg = Release|Any CPU
		{ED718894-6923-4DAF-9122-D9D83AA51C94}.Release|x64.Build.0 = Release|Any CPU
		{ED718894-6923-4DAF-9122-D9D83AA51C94}.Release|x86.ActiveCfg = Release|Any CPU
		{ED718894-6923-4DAF-9122-D9D83AA51C94}.Release|x86.Build.0 = Release|Any CPU
		{37ED5846-1FEE-4D81-840A-EF6954B3CEE4}.Debug|Any CPU.ActiveCfg = Debug|Any CPU
		{37ED5846-1FEE-4D81-840A-EF6954B3CEE4}.Debug|Any CPU.Build.0 = Debug|Any CPU
		{37ED5846-1FEE-4D81-840A-EF6954B3CEE4}.Debug|x64.ActiveCfg = Debug|Any CPU
		{37ED5846-1FEE-4D81-840A-EF6954B3CEE4}.Debug|x64.Build.0 = Debug|Any CPU
		{37ED5846-1FEE-4D81-840A-EF6954B3CEE4}.Debug|x86.ActiveCfg = Debug|Any CPU
		{37ED5846-1FEE-4D81-840A-EF6954B3CEE4}.Debug|x86.Build.0 = Debug|Any CPU
		{37ED5846-1FEE-4D81-840A-EF6954B3CEE4}.Release|Any CPU.ActiveCfg = Release|Any CPU
		{37ED5846-1FEE-4D81-840A-EF6954B3CEE4}.Release|Any CPU.Build.0 = Release|Any CPU
		{37ED5846-1FEE-4D81-840A-EF6954B3CEE4}.Release|x64.ActiveCfg = Release|Any CPU
		{37ED5846-1FEE-4D81-840A-EF6954B3CEE4}.Release|x64.Build.0 = Release|Any CPU
		{37ED5846-1FEE-4D81-840A-EF6954B3CEE4}.Release|x86.ActiveCfg = Release|Any CPU
		{37ED5846-1FEE-4D81-840A-EF6954B3CEE4}.Release|x86.Build.0 = Release|Any CPU
		{C95F68D2-8D24-48FB-B040-B8DC0A4645BD}.Debug|Any CPU.ActiveCfg = Debug|Any CPU
		{C95F68D2-8D24-48FB-B040-B8DC0A4645BD}.Debug|Any CPU.Build.0 = Debug|Any CPU
		{C95F68D2-8D24-48FB-B040-B8DC0A4645BD}.Debug|x64.ActiveCfg = Debug|Any CPU
		{C95F68D2-8D24-48FB-B040-B8DC0A4645BD}.Debug|x64.Build.0 = Debug|Any CPU
		{C95F68D2-8D24-48FB-B040-B8DC0A4645BD}.Debug|x86.ActiveCfg = Debug|Any CPU
		{C95F68D2-8D24-48FB-B040-B8DC0A4645BD}.Debug|x86.Build.0 = Debug|Any CPU
		{C95F68D2-8D24-48FB-B040-B8DC0A4645BD}.Release|Any CPU.ActiveCfg = Release|Any CPU
		{C95F68D2-8D24-48FB-B040-B8DC0A4645BD}.Release|Any CPU.Build.0 = Release|Any CPU
		{C95F68D2-8D24-48FB-B040-B8DC0A4645BD}.Release|x64.ActiveCfg = Release|Any CPU
		{C95F68D2-8D24-48FB-B040-B8DC0A4645BD}.Release|x64.Build.0 = Release|Any CPU
		{C95F68D2-8D24-48FB-B040-B8DC0A4645BD}.Release|x86.ActiveCfg = Release|Any CPU
		{C95F68D2-8D24-48FB-B040-B8DC0A4645BD}.Release|x86.Build.0 = Release|Any CPU
		{7622473F-91A6-4304-AE5C-82B6DBF43318}.Debug|Any CPU.ActiveCfg = Debug|Any CPU
		{7622473F-91A6-4304-AE5C-82B6DBF43318}.Debug|Any CPU.Build.0 = Debug|Any CPU
		{7622473F-91A6-4304-AE5C-82B6DBF43318}.Debug|x64.ActiveCfg = Debug|Any CPU
		{7622473F-91A6-4304-AE5C-82B6DBF43318}.Debug|x64.Build.0 = Debug|Any CPU
		{7622473F-91A6-4304-AE5C-82B6DBF43318}.Debug|x86.ActiveCfg = Debug|Any CPU
		{7622473F-91A6-4304-AE5C-82B6DBF43318}.Debug|x86.Build.0 = Debug|Any CPU
		{7622473F-91A6-4304-AE5C-82B6DBF43318}.Release|Any CPU.ActiveCfg = Release|Any CPU
		{7622473F-91A6-4304-AE5C-82B6DBF43318}.Release|Any CPU.Build.0 = Release|Any CPU
		{7622473F-91A6-4304-AE5C-82B6DBF43318}.Release|x64.ActiveCfg = Release|Any CPU
		{7622473F-91A6-4304-AE5C-82B6DBF43318}.Release|x64.Build.0 = Release|Any CPU
		{7622473F-91A6-4304-AE5C-82B6DBF43318}.Release|x86.ActiveCfg = Release|Any CPU
		{7622473F-91A6-4304-AE5C-82B6DBF43318}.Release|x86.Build.0 = Release|Any CPU
		{72866305-9DBF-47DE-AB61-9DB1DB741C68}.Debug|Any CPU.ActiveCfg = Debug|Any CPU
		{72866305-9DBF-47DE-AB61-9DB1DB741C68}.Debug|Any CPU.Build.0 = Debug|Any CPU
		{72866305-9DBF-47DE-AB61-9DB1DB741C68}.Debug|x64.ActiveCfg = Debug|Any CPU
		{72866305-9DBF-47DE-AB61-9DB1DB741C68}.Debug|x64.Build.0 = Debug|Any CPU
		{72866305-9DBF-47DE-AB61-9DB1DB741C68}.Debug|x86.ActiveCfg = Debug|Any CPU
		{72866305-9DBF-47DE-AB61-9DB1DB741C68}.Debug|x86.Build.0 = Debug|Any CPU
		{72866305-9DBF-47DE-AB61-9DB1DB741C68}.Release|Any CPU.ActiveCfg = Release|Any CPU
		{72866305-9DBF-47DE-AB61-9DB1DB741C68}.Release|Any CPU.Build.0 = Release|Any CPU
		{72866305-9DBF-47DE-AB61-9DB1DB741C68}.Release|x64.ActiveCfg = Release|Any CPU
		{72866305-9DBF-47DE-AB61-9DB1DB741C68}.Release|x64.Build.0 = Release|Any CPU
		{72866305-9DBF-47DE-AB61-9DB1DB741C68}.Release|x86.ActiveCfg = Release|Any CPU
		{72866305-9DBF-47DE-AB61-9DB1DB741C68}.Release|x86.Build.0 = Release|Any CPU
		{8D1E02E3-6937-453B-A81E-3985BE16B9BD}.Debug|Any CPU.ActiveCfg = Debug|Any CPU
		{8D1E02E3-6937-453B-A81E-3985BE16B9BD}.Debug|Any CPU.Build.0 = Debug|Any CPU
		{8D1E02E3-6937-453B-A81E-3985BE16B9BD}.Debug|x64.ActiveCfg = Debug|Any CPU
		{8D1E02E3-6937-453B-A81E-3985BE16B9BD}.Debug|x64.Build.0 = Debug|Any CPU
		{8D1E02E3-6937-453B-A81E-3985BE16B9BD}.Debug|x86.ActiveCfg = Debug|Any CPU
		{8D1E02E3-6937-453B-A81E-3985BE16B9BD}.Debug|x86.Build.0 = Debug|Any CPU
		{8D1E02E3-6937-453B-A81E-3985BE16B9BD}.Release|Any CPU.ActiveCfg = Release|Any CPU
		{8D1E02E3-6937-453B-A81E-3985BE16B9BD}.Release|Any CPU.Build.0 = Release|Any CPU
		{8D1E02E3-6937-453B-A81E-3985BE16B9BD}.Release|x64.ActiveCfg = Release|Any CPU
		{8D1E02E3-6937-453B-A81E-3985BE16B9BD}.Release|x64.Build.0 = Release|Any CPU
		{8D1E02E3-6937-453B-A81E-3985BE16B9BD}.Release|x86.ActiveCfg = Release|Any CPU
		{8D1E02E3-6937-453B-A81E-3985BE16B9BD}.Release|x86.Build.0 = Release|Any CPU
		{1F092BC5-C7E0-4D36-92C5-14FCA61B2CC8}.Debug|Any CPU.ActiveCfg = Debug|Any CPU
		{1F092BC5-C7E0-4D36-92C5-14FCA61B2CC8}.Debug|Any CPU.Build.0 = Debug|Any CPU
		{1F092BC5-C7E0-4D36-92C5-14FCA61B2CC8}.Debug|x64.ActiveCfg = Debug|Any CPU
		{1F092BC5-C7E0-4D36-92C5-14FCA61B2CC8}.Debug|x64.Build.0 = Debug|Any CPU
		{1F092BC5-C7E0-4D36-92C5-14FCA61B2CC8}.Debug|x86.ActiveCfg = Debug|Any CPU
		{1F092BC5-C7E0-4D36-92C5-14FCA61B2CC8}.Debug|x86.Build.0 = Debug|Any CPU
		{1F092BC5-C7E0-4D36-92C5-14FCA61B2CC8}.Release|Any CPU.ActiveCfg = Release|Any CPU
		{1F092BC5-C7E0-4D36-92C5-14FCA61B2CC8}.Release|Any CPU.Build.0 = Release|Any CPU
		{1F092BC5-C7E0-4D36-92C5-14FCA61B2CC8}.Release|x64.ActiveCfg = Release|Any CPU
		{1F092BC5-C7E0-4D36-92C5-14FCA61B2CC8}.Release|x64.Build.0 = Release|Any CPU
		{1F092BC5-C7E0-4D36-92C5-14FCA61B2CC8}.Release|x86.ActiveCfg = Release|Any CPU
		{1F092BC5-C7E0-4D36-92C5-14FCA61B2CC8}.Release|x86.Build.0 = Release|Any CPU
	EndGlobalSection
	GlobalSection(SolutionProperties) = preSolution
		HideSolutionNode = FALSE
	EndGlobalSection
	GlobalSection(NestedProjects) = preSolution
		{72866305-9DBF-47DE-AB61-9DB1DB741C68} = {0AB3BF05-4346-4AA6-1389-037BE0695223}
		{8D1E02E3-6937-453B-A81E-3985BE16B9BD} = {827E0CD3-B72D-47B6-A68D-7590B98EB39B}
		{1F092BC5-C7E0-4D36-92C5-14FCA61B2CC8} = {0AB3BF05-4346-4AA6-1389-037BE0695223}
	EndGlobalSection
EndGlobal
